<Solution>
  <Configurations>
    <Platform Name="x64" />
    <Platform Name="x86" />
  </Configurations>
  <Project Path="Problem#01/Problem#01.vcxproj" Id="3714abed-2e40-49c9-8334-c7807d6bacbe" />
  <Project Path="Problem#02/Problem#02.vcxproj" Id="38a61903-ff84-4c60-ac9d-49bc04b2aaf3" />
  <Project Path="Problem#03/Problem#03.vcxproj" Id="e8392b2c-a961-492d-a956-568f71725d4f" />
  <Project Path="Problem#04/Problem#04.vcxproj" Id="2de43d61-ed59-4b15-8d14-678ad35e0500" />
  <Project Path="Problem#05/Problem#05.vcxproj" Id="ff2fde18-c3ad-44e7-8a21-4ecdf1fccc6a" />
  <Project Path="Problem#06/Problem#06.vcxproj" Id="2a272acd-63bb-4a10-8db0-c73f3ddcb494" />
  <Project Path="Problem#07/Problem#07.vcxproj" Id="d2e23907-b971-45dc-9683-2ff861678fac" />
  <Project Path="Problem#08/Problem#08.vcxproj" Id="ee73f67b-0c38-463a-b9a0-060b207f6d7d" />
  <Project Path="Problem#09/Problem#09.vcxproj" Id="8ee55e11-f814-462d-bd90-0aa308d99fdf" />
  <Project Path="Problem#10/Problem#10.vcxproj" Id="b95d406a-901a-4b3c-9721-99f5022cfa25" />
  <Project Path="Problem#11/Problem#11.vcxproj" Id="c48f622e-fb33-4123-80d2-93fda08015e0" />
  <Project Path="Problem#12/Problem#12.vcxproj" Id="33e82892-ab95-4a03-aa1c-7e3e343fe727" />
  <Project Path="Problem#13/Problem#13.vcxproj" Id="17be2426-ee76-4e76-af9a-76c2ae4fa915" />
  <Project Path="Problem#14/Problem#14.vcxproj" Id="ddb0abea-5016-4faf-ac7e-6b137c5a18d5" />
  <Project Path="Problem#15/Problem#15.vcxproj" Id="fee53e75-00db-4ee9-8ae2-9bdf88d90829" />
  <Project Path="Problem#16/Problem#16.vcxproj" Id="2059568a-d8d4-41a3-8fb2-a6781d66aa62" />
  <Project Path="Problem#17/Problem#17.vcxproj" Id="e7ca4906-a818-47c1-8227-fd51a1bbbede" />
  <Project Path="Problem#18/Problem#18.vcxproj" Id="efaf034f-bba6-4a34-9ab7-e79b5c80625f" />
  <Project Path="Problem#19/Problem#19.vcxproj" Id="020a0e8d-5ef8-4dec-8265-1235ac1ba32c" />
  <Project Path="Problem#20 to #32/Problem#20 to #32.vcxproj" Id="b73d3702-0757-43c7-b1dc-d404ff604cd5" />
  <Project Path="Problem#33 to #46/Problem#33 to #46.vcxproj" Id="71144fa5-4a83-45f6-aeb7-473c1a2ff556" />
  <Project Path="Problem#47 to #53/Problem#47 to #53.vcxproj" Id="937d96a9-ada1-46ea-8f64-c47c432167bd" />
  <Project Path="Problem#54/Problem#54.vcxproj" Id="22fe715e-61e3-49fc-8971-1fb5b514caf7" />
  <Project Path="Problem#55/Problem#55.vcxproj" Id="54a20753-705d-4ed2-87c1-d3f53a15e799" />
  <Project Path="Problem#56/Problem#56.vcxproj" Id="2d95e546-d54b-412e-aec8-b65e76e197d4" />
  <Project Path="Problem#57/Problem#57.vcxproj" Id="ff0c4f57-0564-4948-9f5a-2b6128a4ecc3" />
  <Project Path="Problem#58/Problem#58.vcxproj" Id="114f5e4d-94b9-435a-9b16-f576aa4e5566" />
  <Project Path="Problem#59/Problem#59.vcxproj" Id="e6cba912-a7e1-4073-8d68-2163df88fdee" />
  <Project Path="Problem#60/Problem#60.vcxproj" Id="187f23ec-1ca8-42b0-a8f8-e3e6150ec10f" />
  <Project Path="Problem#61/Problem#61.vcxproj" Id="79380c02-4342-406f-a44b-45035c48e547" />
  <Project Path="Problem#62/Problem#62.vcxproj" Id="e5130ff2-d9c8-47d9-8798-c061724aeab4" />
  <Project Path="Problem#63 and #64/Problem#63 and #64.vcxproj" Id="70a8b637-572d-4050-b04d-d2fa0615fb59" />
  <Project Path="Problem#65/Problem#65.vcxproj" Id="b88a5c82-a0e7-4967-8773-0236ba2e8960" />
</Solution>
