<Solution>
  <Configurations>
    <Platform Name="x64" />
    <Platform Name="x86" />
  </Configurations>
  <Project Path="Problem#01/Problem#01.vcxproj" Id="3714abed-2e40-49c9-8334-c7807d6bacbe" />
  <Project Path="Problem#02/Problem#02.vcxproj" Id="38a61903-ff84-4c60-ac9d-49bc04b2aaf3" />
  <Project Path="Problem#03/Problem#03.vcxproj" Id="e8392b2c-a961-492d-a956-568f71725d4f" />
  <Project Path="Problem#04/Problem#04.vcxproj" Id="2de43d61-ed59-4b15-8d14-678ad35e0500" />
  <Project Path="Problem#05/Problem#05.vcxproj" Id="ff2fde18-c3ad-44e7-8a21-4ecdf1fccc6a" />
  <Project Path="Problem#06/Problem#06.vcxproj" Id="2a272acd-63bb-4a10-8db0-c73f3ddcb494" />
  <Project Path="Problem#07/Problem#07.vcxproj" Id="d2e23907-b971-45dc-9683-2ff861678fac" />
  <Project Path="Problem#08/Problem#08.vcxproj" Id="ee73f67b-0c38-463a-b9a0-060b207f6d7d" />
  <Project Path="Problem#09/Problem#09.vcxproj" Id="8ee55e11-f814-462d-bd90-0aa308d99fdf" />
  <Project Path="Problem#10/Problem#10.vcxproj" Id="b95d406a-901a-4b3c-9721-99f5022cfa25" />
  <Project Path="Problem#11/Problem#11.vcxproj" Id="c48f622e-fb33-4123-80d2-93fda08015e0" />
  <Project Path="Problem#12/Problem#12.vcxproj" Id="33e82892-ab95-4a03-aa1c-7e3e343fe727" />
  <Project Path="Problem#13/Problem#13.vcxproj" Id="17be2426-ee76-4e76-af9a-76c2ae4fa915" />
  <Project Path="Problem#14/Problem#14.vcxproj" Id="ddb0abea-5016-4faf-ac7e-6b137c5a18d5" />
  <Project Path="Problem#15/Problem#15.vcxproj" Id="fee53e75-00db-4ee9-8ae2-9bdf88d90829" />
  <Project Path="Problem#16/Problem#16.vcxproj" Id="2059568a-d8d4-41a3-8fb2-a6781d66aa62" />
  <Project Path="Problem#17/Problem#17.vcxproj" Id="e7ca4906-a818-47c1-8227-fd51a1bbbede" />
  <Project Path="Problem#18/Problem#18.vcxproj" Id="efaf034f-bba6-4a34-9ab7-e79b5c80625f" />
</Solution>
